
Microsoft Visual Studio Solution File, Format Version 12.00
# Visual Studio Version 16
VisualStudioVersion = 16.0.30804.86
MinimumVisualStudioVersion = 10.0.40219.1
Project("{FAE04EC0-301F-11D3-BF4B-00C04F79EFBC}") = "Game", "Game\Game.csproj", "{358205C6-6351-488A-9038-A975BB3728DA}"
EndProject
Global
	GlobalSection(SolutionConfigurationPlatforms) = preSolution
		Debug|Any CPU = Debug|Any CPU
		Release|Any CPU = Release|Any CPU
	EndGlobalSection
	GlobalSection(ProjectConfigurationPlatforms) = postSolution
		{358205C6-6351-488A-9038-A975BB3728DA}.Debug|Any CPU.ActiveCfg = Debug|Any CPU
		{358205C6-6351-488A-9038-A975BB3728DA}.Debug|Any CPU.Build.0 = Debug|Any CPU
		{358205C6-6351-488A-9038-A975BB3728DA}.Release|Any CPU.ActiveCfg = Release|Any CPU
		{358205C6-6351-488A-9038-A975BB3728DA}.Release|Any CPU.Build.0 = Release|Any CPU
	EndGlobalSection
	GlobalSection(SolutionProperties) = preSolution
		HideSolutionNode = FALSE
	EndGlobalSection
	GlobalSection(ExtensibilityGlobals) = postSolution
		SolutionGuid = {F5248E9E-5DF4-4BCD-B233-BC56A676D0B9}
	EndGlobalSection
EndGlobal
